
Microsoft Visual Studio Solution File, Format Version 12.00
# Visual Studio Version 16
VisualStudioVersion = 16.0.32126.315
MinimumVisualStudioVersion = 10.0.40219.1
Project("{FAE04EC0-301F-11D3-BF4B-00C04F79EFBC}") = "Sitecore.Forms.Core", "Sitecore.Forms.Core\Sitecore.Forms.Core.csproj", "{11E68E05-F463-457D-A33F-D9434597ACFB}"
EndProject
Project("{FAE04EC0-301F-11D3-BF4B-00C04F79EFBC}") = "Sitecore.Forms.Custom", "Sitecore.Forms.Custom\Sitecore.Forms.Custom.csproj", "{F54E9701-9E34-4960-997E-917678B585CF}"
EndProject
Project("{FAE04EC0-301F-11D3-BF4B-00C04F79EFBC}") = "Sitecore.Forms.Mvc", "Sitecore.Forms.Mvc\Sitecore.Forms.Mvc.csproj", "{3D8A5D09-5364-40BA-A0E7-2831D8303513}"
EndProject
Project("{FAE04EC0-301F-11D3-BF4B-00C04F79EFBC}") = "Sitecore.WFFM", "Sitecore.WFFM\Sitecore.WFFM.csproj", "{6F4D34C1-1270-4204-974C-F8068704F5E1}"
EndProject
Project("{FAE04EC0-301F-11D3-BF4B-00C04F79EFBC}") = "Sitecore.WFFM.Abstractions", "Sitecore.WFFM.Abstractions\Sitecore.WFFM.Abstractions.csproj", "{3AAF0701-6EAF-4736-BEDB-45089FEAB16C}"
EndProject
Project("{FAE04EC0-301F-11D3-BF4B-00C04F79EFBC}") = "Sitecore.WFFM.Actions", "Sitecore.WFFM.Actions\Sitecore.WFFM.Actions.csproj", "{170B0299-912F-4B23-BEB6-D9F9E92BA1BF}"
EndProject
Project("{FAE04EC0-301F-11D3-BF4B-00C04F79EFBC}") = "Sitecore.WFFM.Services", "Sitecore.WFFM.Services\Sitecore.WFFM.Services.csproj", "{00C956DD-130B-4B95-B697-34F22B81B482}"
EndProject
Project("{FAE04EC0-301F-11D3-BF4B-00C04F79EFBC}") = "Sitecore.WFFM.Update", "Sitecore.WFFM.Update\Sitecore.WFFM.Update.csproj", "{38AF9F8F-D897-49C7-9BFC-925258BB5665}"
EndProject
Project("{FAE04EC0-301F-11D3-BF4B-00C04F79EFBC}") = "Sitecore.WFFM.Analytics", "Sitecore.WFFM.Analytics\Sitecore.WFFM.Analytics.csproj", "{0F48C05D-3DC7-464A-A1D4-4D813C8A1F13}"
EndProject
Project("{FAE04EC0-301F-11D3-BF4B-00C04F79EFBC}") = "Sitecore.WFFM.Web", "Sitecore.WFFM.Web\Sitecore.WFFM.Web.csproj", "{940880C4-300F-44BD-A2BC-AB43017980E7}"
EndProject
Global
	GlobalSection(SolutionConfigurationPlatforms) = preSolution
		Debug|Any CPU = Debug|Any CPU
		Release|Any CPU = Release|Any CPU
	EndGlobalSection
	GlobalSection(ProjectConfigurationPlatforms) = postSolution
		{11E68E05-F463-457D-A33F-D9434597ACFB}.Debug|Any CPU.ActiveCfg = Debug|Any CPU
		{11E68E05-F463-457D-A33F-D9434597ACFB}.Debug|Any CPU.Build.0 = Debug|Any CPU
		{11E68E05-F463-457D-A33F-D9434597ACFB}.Release|Any CPU.ActiveCfg = Release|Any CPU
		{11E68E05-F463-457D-A33F-D9434597ACFB}.Release|Any CPU.Build.0 = Release|Any CPU
		{F54E9701-9E34-4960-997E-917678B585CF}.Debug|Any CPU.ActiveCfg = Debug|Any CPU
		{F54E9701-9E34-4960-997E-917678B585CF}.Debug|Any CPU.Build.0 = Debug|Any CPU
		{F54E9701-9E34-4960-997E-917678B585CF}.Release|Any CPU.ActiveCfg = Release|Any CPU
		{F54E9701-9E34-4960-997E-917678B585CF}.Release|Any CPU.Build.0 = Release|Any CPU
		{3D8A5D09-5364-40BA-A0E7-2831D8303513}.Debug|Any CPU.ActiveCfg = Debug|Any CPU
		{3D8A5D09-5364-40BA-A0E7-2831D8303513}.Debug|Any CPU.Build.0 = Debug|Any CPU
		{3D8A5D09-5364-40BA-A0E7-2831D8303513}.Release|Any CPU.ActiveCfg = Release|Any CPU
		{3D8A5D09-5364-40BA-A0E7-2831D8303513}.Release|Any CPU.Build.0 = Release|Any CPU
		{6F4D34C1-1270-4204-974C-F8068704F5E1}.Debug|Any CPU.ActiveCfg = Debug|Any CPU
		{6F4D34C1-1270-4204-974C-F8068704F5E1}.Debug|Any CPU.Build.0 = Debug|Any CPU
		{6F4D34C1-1270-4204-974C-F8068704F5E1}.Release|Any CPU.ActiveCfg = Release|Any CPU
		{6F4D34C1-1270-4204-974C-F8068704F5E1}.Release|Any CPU.Build.0 = Release|Any CPU
		{3AAF0701-6EAF-4736-BEDB-45089FEAB16C}.Debug|Any CPU.ActiveCfg = Debug|Any CPU
		{3AAF0701-6EAF-4736-BEDB-45089FEAB16C}.Debug|Any CPU.Build.0 = Debug|Any CPU
		{3AAF0701-6EAF-4736-BEDB-45089FEAB16C}.Release|Any CPU.ActiveCfg = Release|Any CPU
		{3AAF0701-6EAF-4736-BEDB-45089FEAB16C}.Release|Any CPU.Build.0 = Release|Any CPU
		{170B0299-912F-4B23-BEB6-D9F9E92BA1BF}.Debug|Any CPU.ActiveCfg = Debug|Any CPU
		{170B0299-912F-4B23-BEB6-D9F9E92BA1BF}.Debug|Any CPU.Build.0 = Debug|Any CPU
		{170B0299-912F-4B23-BEB6-D9F9E92BA1BF}.Release|Any CPU.ActiveCfg = Release|Any CPU
		{170B0299-912F-4B23-BEB6-D9F9E92BA1BF}.Release|Any CPU.Build.0 = Release|Any CPU
		{00C956DD-130B-4B95-B697-34F22B81B482}.Debug|Any CPU.ActiveCfg = Debug|Any CPU
		{00C956DD-130B-4B95-B697-34F22B81B482}.Debug|Any CPU.Build.0 = Debug|Any CPU
		{00C956DD-130B-4B95-B697-34F22B81B482}.Release|Any CPU.ActiveCfg = Release|Any CPU
		{00C956DD-130B-4B95-B697-34F22B81B482}.Release|Any CPU.Build.0 = Release|Any CPU
		{38AF9F8F-D897-49C7-9BFC-925258BB5665}.Debug|Any CPU.ActiveCfg = Debug|Any CPU
		{38AF9F8F-D897-49C7-9BFC-925258BB5665}.Debug|Any CPU.Build.0 = Debug|Any CPU
		{38AF9F8F-D897-49C7-9BFC-925258BB5665}.Release|Any CPU.ActiveCfg = Release|Any CPU
		{38AF9F8F-D897-49C7-9BFC-925258BB5665}.Release|Any CPU.Build.0 = Release|Any CPU
		{0F48C05D-3DC7-464A-A1D4-4D813C8A1F13}.Debug|Any CPU.ActiveCfg = Debug|Any CPU
		{0F48C05D-3DC7-464A-A1D4-4D813C8A1F13}.Debug|Any CPU.Build.0 = Debug|Any CPU
		{0F48C05D-3DC7-464A-A1D4-4D813C8A1F13}.Release|Any CPU.ActiveCfg = Release|Any CPU
		{0F48C05D-3DC7-464A-A1D4-4D813C8A1F13}.Release|Any CPU.Build.0 = Release|Any CPU
		{940880C4-300F-44BD-A2BC-AB43017980E7}.Debug|Any CPU.ActiveCfg = Debug|Any CPU
		{940880C4-300F-44BD-A2BC-AB43017980E7}.Debug|Any CPU.Build.0 = Debug|Any CPU
		{940880C4-300F-44BD-A2BC-AB43017980E7}.Release|Any CPU.ActiveCfg = Release|Any CPU
		{940880C4-300F-44BD-A2BC-AB43017980E7}.Release|Any CPU.Build.0 = Release|Any CPU
	EndGlobalSection
	GlobalSection(SolutionProperties) = preSolution
		HideSolutionNode = FALSE
	EndGlobalSection
	GlobalSection(ExtensibilityGlobals) = postSolution
		SolutionGuid = {BBD1527D-87E5-4E17-8645-48ED3024B97A}
	EndGlobalSection
EndGlobal
