
Microsoft Visual Studio Solution File, Format Version 11.00
# Visual Studio 2010
Project("{FAE04EC0-301F-11D3-BF4B-00C04F79EFBC}") = "Sitecore.WFFM.Services", "Sitecore.WFFM.Services.csproj", "{00C956DD-130B-4B95-B697-34F22B81B482}"
EndProject
Global
	GlobalSection(SolutionConfigurationPlatforms) = preSolution
		Debug|Any CPU = Debug|Any CPU
		Release|Any CPU = Release|Any CPU
	EndGlobalSection
	GlobalSection(ProjectConfigurationPlatforms) = postSolution
		{00C956DD-130B-4B95-B697-34F22B81B482}.Debug|Any CPU.ActiveCfg = Debug|Any CPU
		{00C956DD-130B-4B95-B697-34F22B81B482}.Debug|Any CPU.Build.0 = Debug|Any CPU
		{00C956DD-130B-4B95-B697-34F22B81B482}.Release|Any CPU.ActiveCfg = Release|Any CPU
		{00C956DD-130B-4B95-B697-34F22B81B482}.Release|Any CPU.Build.0 = Release|Any CPU
	EndGlobalSection
	GlobalSection(SolutionProperties) = preSolution
		HideSolutionNode = FALSE
	EndGlobalSection
EndGlobal
