
Microsoft Visual Studio Solution File, Format Version 11.00
# Visual Studio 2010
Project("{FAE04EC0-301F-11D3-BF4B-00C04F79EFBC}") = "Sitecore.WFFM.Update", "Sitecore.WFFM.Update.csproj", "{38AF9F8F-D897-49C7-9BFC-925258BB5665}"
EndProject
Global
	GlobalSection(SolutionConfigurationPlatforms) = preSolution
		Debug|Any CPU = Debug|Any CPU
		Release|Any CPU = Release|Any CPU
	EndGlobalSection
	GlobalSection(ProjectConfigurationPlatforms) = postSolution
		{38AF9F8F-D897-49C7-9BFC-925258BB5665}.Debug|Any CPU.ActiveCfg = Debug|Any CPU
		{38AF9F8F-D897-49C7-9BFC-925258BB5665}.Debug|Any CPU.Build.0 = Debug|Any CPU
		{38AF9F8F-D897-49C7-9BFC-925258BB5665}.Release|Any CPU.ActiveCfg = Release|Any CPU
		{38AF9F8F-D897-49C7-9BFC-925258BB5665}.Release|Any CPU.Build.0 = Release|Any CPU
	EndGlobalSection
	GlobalSection(SolutionProperties) = preSolution
		HideSolutionNode = FALSE
	EndGlobalSection
EndGlobal
