
Microsoft Visual Studio Solution File, Format Version 11.00
# Visual Studio 2010
Project("{FAE04EC0-301F-11D3-BF4B-00C04F79EFBC}") = "Sitecore.WFFM.Abstractions", "Sitecore.WFFM.Abstractions.csproj", "{3AAF0701-6EAF-4736-BEDB-45089FEAB16C}"
EndProject
Global
	GlobalSection(SolutionConfigurationPlatforms) = preSolution
		Debug|Any CPU = Debug|Any CPU
		Release|Any CPU = Release|Any CPU
	EndGlobalSection
	GlobalSection(ProjectConfigurationPlatforms) = postSolution
		{3AAF0701-6EAF-4736-BEDB-45089FEAB16C}.Debug|Any CPU.ActiveCfg = Debug|Any CPU
		{3AAF0701-6EAF-4736-BEDB-45089FEAB16C}.Debug|Any CPU.Build.0 = Debug|Any CPU
		{3AAF0701-6EAF-4736-BEDB-45089FEAB16C}.Release|Any CPU.ActiveCfg = Release|Any CPU
		{3AAF0701-6EAF-4736-BEDB-45089FEAB16C}.Release|Any CPU.Build.0 = Release|Any CPU
	EndGlobalSection
	GlobalSection(SolutionProperties) = preSolution
		HideSolutionNode = FALSE
	EndGlobalSection
EndGlobal
